
Microsoft Visual Studio Solution File, Format Version 12.00
# Visual Studio Version 17
VisualStudioVersion = 17.2.32519.379
MinimumVisualStudioVersion = 10.0.40219.1
Project("{FAE04EC0-301F-11D3-BF4B-00C04F79EFBC}") = "HolidaySearch", "HolidaySearch\HolidaySearch.csproj", "{4305B453-888D-4C2E-A8FC-195D2C489B33}"
EndProject
Global
	GlobalSection(SolutionConfigurationPlatforms) = preSolution
		Debug|Any CPU = Debug|Any CPU
		Release|Any CPU = Release|Any CPU
	EndGlobalSection
	GlobalSection(ProjectConfigurationPlatforms) = postSolution
		{4305B453-888D-4C2E-A8FC-195D2C489B33}.Debug|Any CPU.ActiveCfg = Debug|Any CPU
		{4305B453-888D-4C2E-A8FC-195D2C489B33}.Debug|Any CPU.Build.0 = Debug|Any CPU
		{4305B453-888D-4C2E-A8FC-195D2C489B33}.Release|Any CPU.ActiveCfg = Release|Any CPU
		{4305B453-888D-4C2E-A8FC-195D2C489B33}.Release|Any CPU.Build.0 = Release|Any CPU
	EndGlobalSection
	GlobalSection(SolutionProperties) = preSolution
		HideSolutionNode = FALSE
	EndGlobalSection
	GlobalSection(ExtensibilityGlobals) = postSolution
		SolutionGuid = {6D72DBFE-657D-454C-B516-77344D2CDACC}
	EndGlobalSection
EndGlobal
